// !$*UTF8*$!
{
	archiveVersion = 1;
	classes = {
	};
	objectVersion = 56;
	objects = {

/* Begin PBXBuildFile section */
		2A5296A22AFFC6E700279401 /* AppDelegate.swift in Sources */ = {isa = PBXBuildFile; fileRef = 2A5296A12AFFC6E700279401 /* AppDelegate.swift */; };
		2A5296A42AFFC6E700279401 /* SceneDelegate.swift in Sources */ = {isa = PBXBuildFile; fileRef = 2A5296A32AFFC6E700279401 /* SceneDelegate.swift */; };
		2A5296A62AFFC6E700279401 /* FirstStudyViewController.swift in Sources */ = {isa = PBXBuildFile; fileRef = 2A5296A52AFFC6E700279401 /* FirstStudyViewController.swift */; };
		2A5296AB2AFFC6E800279401 /* Assets.xcassets in Resources */ = {isa = PBXBuildFile; fileRef = 2A5296AA2AFFC6E800279401 /* Assets.xcassets */; };
		2A5296AE2AFFC6E800279401 /* LaunchScreen.storyboard in Resources */ = {isa = PBXBuildFile; fileRef = 2A5296AC2AFFC6E800279401 /* LaunchScreen.storyboard */; };
		2A5296B82AFFD70B00279401 /* UIButton+.swift in Sources */ = {isa = PBXBuildFile; fileRef = 2A5296B72AFFD70B00279401 /* UIButton+.swift */; };
		2A5296BA2AFFD8B100279401 /* FirstAssignmentViewController.swift in Sources */ = {isa = PBXBuildFile; fileRef = 2A5296B92AFFD8B100279401 /* FirstAssignmentViewController.swift */; };
		2A5296BD2AFFDA3500279401 /* SnapKit in Frameworks */ = {isa = PBXBuildFile; productRef = 2A5296BC2AFFDA3500279401 /* SnapKit */; };
		2A5296BF2AFFDA6900279401 /* UIView+.swift in Sources */ = {isa = PBXBuildFile; fileRef = 2A5296BE2AFFDA6900279401 /* UIView+.swift */; };
		2A5296C22B01D85B00279401 /* SecondStudyViewController.swift in Sources */ = {isa = PBXBuildFile; fileRef = 2A5296C12B01D85B00279401 /* SecondStudyViewController.swift */; };
/* End PBXBuildFile section */

/* Begin PBXFileReference section */
		2A52969E2AFFC6E700279401 /* Swift_Animation_Practice.app */ = {isa = PBXFileReference; explicitFileType = wrapper.application; includeInIndex = 0; path = Swift_Animation_Practice.app; sourceTree = BUILT_PRODUCTS_DIR; };
		2A5296A12AFFC6E700279401 /* AppDelegate.swift */ = {isa = PBXFileReference; lastKnownFileType = sourcecode.swift; path = AppDelegate.swift; sourceTree = "<group>"; };
		2A5296A32AFFC6E700279401 /* SceneDelegate.swift */ = {isa = PBXFileReference; lastKnownFileType = sourcecode.swift; path = SceneDelegate.swift; sourceTree = "<group>"; };
		2A5296A52AFFC6E700279401 /* FirstStudyViewController.swift */ = {isa = PBXFileReference; lastKnownFileType = sourcecode.swift; path = FirstStudyViewController.swift; sourceTree = "<group>"; };
		2A5296AA2AFFC6E800279401 /* Assets.xcassets */ = {isa = PBXFileReference; lastKnownFileType = folder.assetcatalog; path = Assets.xcassets; sourceTree = "<group>"; };
		2A5296AD2AFFC6E800279401 /* Base */ = {isa = PBXFileReference; lastKnownFileType = file.storyboard; name = Base; path = Base.lproj/LaunchScreen.storyboard; sourceTree = "<group>"; };
		2A5296AF2AFFC6E800279401 /* Info.plist */ = {isa = PBXFileReference; lastKnownFileType = text.plist.xml; path = Info.plist; sourceTree = "<group>"; };
		2A5296B72AFFD70B00279401 /* UIButton+.swift */ = {isa = PBXFileReference; lastKnownFileType = sourcecode.swift; path = "UIButton+.swift"; sourceTree = "<group>"; };
		2A5296B92AFFD8B100279401 /* FirstAssignmentViewController.swift */ = {isa = PBXFileReference; lastKnownFileType = sourcecode.swift; path = FirstAssignmentViewController.swift; sourceTree = "<group>"; };
		2A5296BE2AFFDA6900279401 /* UIView+.swift */ = {isa = PBXFileReference; lastKnownFileType = sourcecode.swift; path = "UIView+.swift"; sourceTree = "<group>"; };
		2A5296C12B01D85B00279401 /* SecondStudyViewController.swift */ = {isa = PBXFileReference; lastKnownFileType = sourcecode.swift; path = SecondStudyViewController.swift; sourceTree = "<group>"; };
/* End PBXFileReference section */

/* Begin PBXFrameworksBuildPhase section */
		2A52969B2AFFC6E700279401 /* Frameworks */ = {
			isa = PBXFrameworksBuildPhase;
			buildActionMask = 2147483647;
			files = (
				2A5296BD2AFFDA3500279401 /* SnapKit in Frameworks */,
			);
			runOnlyForDeploymentPostprocessing = 0;
		};
/* End PBXFrameworksBuildPhase section */

/* Begin PBXGroup section */
		2A5296952AFFC6E700279401 = {
			isa = PBXGroup;
			children = (
				2A5296A02AFFC6E700279401 /* Swift_Animation_Practice */,
				2A52969F2AFFC6E700279401 /* Products */,
			);
			sourceTree = "<group>";
		};
		2A52969F2AFFC6E700279401 /* Products */ = {
			isa = PBXGroup;
			children = (
				2A52969E2AFFC6E700279401 /* Swift_Animation_Practice.app */,
			);
			name = Products;
			sourceTree = "<group>";
		};
		2A5296A02AFFC6E700279401 /* Swift_Animation_Practice */ = {
			isa = PBXGroup;
			children = (
				2A5296B62AFFD6FE00279401 /* Extension */,
				2A5296B52AFFC79700279401 /* First_Study */,
				2A5296C02B01D82900279401 /* Second_Study */,
				2A5296A12AFFC6E700279401 /* AppDelegate.swift */,
				2A5296A32AFFC6E700279401 /* SceneDelegate.swift */,
				2A5296AA2AFFC6E800279401 /* Assets.xcassets */,
				2A5296AC2AFFC6E800279401 /* LaunchScreen.storyboard */,
				2A5296AF2AFFC6E800279401 /* Info.plist */,
			);
			path = Swift_Animation_Practice;
			sourceTree = "<group>";
		};
		2A5296B52AFFC79700279401 /* First_Study */ = {
			isa = PBXGroup;
			children = (
				2A5296A52AFFC6E700279401 /* FirstStudyViewController.swift */,
				2A5296B92AFFD8B100279401 /* FirstAssignmentViewController.swift */,
			);
			path = First_Study;
			sourceTree = "<group>";
		};
		2A5296B62AFFD6FE00279401 /* Extension */ = {
			isa = PBXGroup;
			children = (
				2A5296B72AFFD70B00279401 /* UIButton+.swift */,
				2A5296BE2AFFDA6900279401 /* UIView+.swift */,
			);
			path = Extension;
			sourceTree = "<group>";
		};
		2A5296C02B01D82900279401 /* Second_Study */ = {
			isa = PBXGroup;
			children = (
				2A5296C12B01D85B00279401 /* SecondStudyViewController.swift */,
			);
			path = Second_Study;
			sourceTree = "<group>";
		};
/* End PBXGroup section */

/* Begin PBXNativeTarget section */
		2A52969D2AFFC6E700279401 /* Swift_Animation_Practice */ = {
			isa = PBXNativeTarget;
			buildConfigurationList = 2A5296B22AFFC6E800279401 /* Build configuration list for PBXNativeTarget "Swift_Animation_Practice" */;
			buildPhases = (
				2A52969A2AFFC6E700279401 /* Sources */,
				2A52969B2AFFC6E700279401 /* Frameworks */,
				2A52969C2AFFC6E700279401 /* Resources */,
			);
			buildRules = (
			);
			dependencies = (
			);
			name = Swift_Animation_Practice;
			packageProductDependencies = (
				2A5296BC2AFFDA3500279401 /* SnapKit */,
			);
			productName = Swift_Animation_Practice;
			productReference = 2A52969E2AFFC6E700279401 /* Swift_Animation_Practice.app */;
			productType = "com.apple.product-type.application";
		};
/* End PBXNativeTarget section */

/* Begin PBXProject section */
		2A5296962AFFC6E700279401 /* Project object */ = {
			isa = PBXProject;
			attributes = {
				BuildIndependentTargetsInParallel = 1;
				LastSwiftUpdateCheck = 1420;
				LastUpgradeCheck = 1420;
				TargetAttributes = {
					2A52969D2AFFC6E700279401 = {
						CreatedOnToolsVersion = 14.2;
					};
				};
			};
			buildConfigurationList = 2A5296992AFFC6E700279401 /* Build configuration list for PBXProject "Swift_Animation_Practice" */;
			compatibilityVersion = "Xcode 14.0";
			developmentRegion = en;
			hasScannedForEncodings = 0;
			knownRegions = (
				en,
				Base,
			);
			mainGroup = 2A5296952AFFC6E700279401;
			packageReferences = (
				2A5296BB2AFFDA3500279401 /* XCRemoteSwiftPackageReference "SnapKit" */,
			);
			productRefGroup = 2A52969F2AFFC6E700279401 /* Products */;
			projectDirPath = "";
			projectRoot = "";
			targets = (
				2A52969D2AFFC6E700279401 /* Swift_Animation_Practice */,
			);
		};
/* End PBXProject section */

/* Begin PBXResourcesBuildPhase section */
		2A52969C2AFFC6E700279401 /* Resources */ = {
			isa = PBXResourcesBuildPhase;
			buildActionMask = 2147483647;
			files = (
				2A5296AE2AFFC6E800279401 /* LaunchScreen.storyboard in Resources */,
				2A5296AB2AFFC6E800279401 /* Assets.xcassets in Resources */,
			);
			runOnlyForDeploymentPostprocessing = 0;
		};
/* End PBXResourcesBuildPhase section */

/* Begin PBXSourcesBuildPhase section */
		2A52969A2AFFC6E700279401 /* Sources */ = {
			isa = PBXSourcesBuildPhase;
			buildActionMask = 2147483647;
			files = (
				2A5296BF2AFFDA6900279401 /* UIView+.swift in Sources */,
				2A5296A62AFFC6E700279401 /* FirstStudyViewController.swift in Sources */,
				2A5296C22B01D85B00279401 /* SecondStudyViewController.swift in Sources */,
				2A5296BA2AFFD8B100279401 /* FirstAssignmentViewController.swift in Sources */,
				2A5296A22AFFC6E700279401 /* AppDelegate.swift in Sources */,
				2A5296A42AFFC6E700279401 /* SceneDelegate.swift in Sources */,
				2A5296B82AFFD70B00279401 /* UIButton+.swift in Sources */,
			);
			runOnlyForDeploymentPostprocessing = 0;
		};
/* End PBXSourcesBuildPhase section */

/* Begin PBXVariantGroup section */
		2A5296AC2AFFC6E800279401 /* LaunchScreen.storyboard */ = {
			isa = PBXVariantGroup;
			children = (
				2A5296AD2AFFC6E800279401 /* Base */,
			);
			name = LaunchScreen.storyboard;
			sourceTree = "<group>";
		};
/* End PBXVariantGroup section */

/* Begin XCBuildConfiguration section */
		2A5296B02AFFC6E800279401 /* Debug */ = {
			isa = XCBuildConfiguration;
			buildSettings = {
				ALWAYS_SEARCH_USER_PATHS = NO;
				CLANG_ANALYZER_NONNULL = YES;
				CLANG_ANALYZER_NUMBER_OBJECT_CONVERSION = YES_AGGRESSIVE;
				CLANG_CXX_LANGUAGE_STANDARD = "gnu++20";
				CLANG_ENABLE_MODULES = YES;
				CLANG_ENABLE_OBJC_ARC = YES;
				CLANG_ENABLE_OBJC_WEAK = YES;
				CLANG_WARN_BLOCK_CAPTURE_AUTORELEASING = YES;
				CLANG_WARN_BOOL_CONVERSION = YES;
				CLANG_WARN_COMMA = YES;
				CLANG_WARN_CONSTANT_CONVERSION = YES;
				CLANG_WARN_DEPRECATED_OBJC_IMPLEMENTATIONS = YES;
				CLANG_WARN_DIRECT_OBJC_ISA_USAGE = YES_ERROR;
				CLANG_WARN_DOCUMENTATION_COMMENTS = YES;
				CLANG_WARN_EMPTY_BODY = YES;
				CLANG_WARN_ENUM_CONVERSION = YES;
				CLANG_WARN_INFINITE_RECURSION = YES;
				CLANG_WARN_INT_CONVERSION = YES;
				CLANG_WARN_NON_LITERAL_NULL_CONVERSION = YES;
				CLANG_WARN_OBJC_IMPLICIT_RETAIN_SELF = YES;
				CLANG_WARN_OBJC_LITERAL_CONVERSION = YES;
				CLANG_WARN_OBJC_ROOT_CLASS = YES_ERROR;
				CLANG_WARN_QUOTED_INCLUDE_IN_FRAMEWORK_HEADER = YES;
				CLANG_WARN_RANGE_LOOP_ANALYSIS = YES;
				CLANG_WARN_STRICT_PROTOTYPES = YES;
				CLANG_WARN_SUSPICIOUS_MOVE = YES;
				CLANG_WARN_UNGUARDED_AVAILABILITY = YES_AGGRESSIVE;
				CLANG_WARN_UNREACHABLE_CODE = YES;
				CLANG_WARN__DUPLICATE_METHOD_MATCH = YES;
				COPY_PHASE_STRIP = NO;
				DEBUG_INFORMATION_FORMAT = dwarf;
				ENABLE_STRICT_OBJC_MSGSEND = YES;
				ENABLE_TESTABILITY = YES;
				GCC_C_LANGUAGE_STANDARD = gnu11;
				GCC_DYNAMIC_NO_PIC = NO;
				GCC_NO_COMMON_BLOCKS = YES;
				GCC_OPTIMIZATION_LEVEL = 0;
				GCC_PREPROCESSOR_DEFINITIONS = (
					"DEBUG=1",
					"$(inherited)",
				);
				GCC_WARN_64_TO_32_BIT_CONVERSION = YES;
				GCC_WARN_ABOUT_RETURN_TYPE = YES_ERROR;
				GCC_WARN_UNDECLARED_SELECTOR = YES;
				GCC_WARN_UNINITIALIZED_AUTOS = YES_AGGRESSIVE;
				GCC_WARN_UNUSED_FUNCTION = YES;
				GCC_WARN_UNUSED_VARIABLE = YES;
				IPHONEOS_DEPLOYMENT_TARGET = 16.2;
				MTL_ENABLE_DEBUG_INFO = INCLUDE_SOURCE;
				MTL_FAST_MATH = YES;
				ONLY_ACTIVE_ARCH = YES;
				SDKROOT = iphoneos;
				SWIFT_ACTIVE_COMPILATION_CONDITIONS = DEBUG;
				SWIFT_OPTIMIZATION_LEVEL = "-Onone";
			};
			name = Debug;
		};
		2A5296B12AFFC6E800279401 /* Release */ = {
			isa = XCBuildConfiguration;
			buildSettings = {
				ALWAYS_SEARCH_USER_PATHS = NO;
				CLANG_ANALYZER_NONNULL = YES;
				CLANG_ANALYZER_NUMBER_OBJECT_CONVERSION = YES_AGGRESSIVE;
				CLANG_CXX_LANGUAGE_STANDARD = "gnu++20";
				CLANG_ENABLE_MODULES = YES;
				CLANG_ENABLE_OBJC_ARC = YES;
				CLANG_ENABLE_OBJC_WEAK = YES;
				CLANG_WARN_BLOCK_CAPTURE_AUTORELEASING = YES;
				CLANG_WARN_BOOL_CONVERSION = YES;
				CLANG_WARN_COMMA = YES;
				CLANG_WARN_CONSTANT_CONVERSION = YES;
				CLANG_WARN_DEPRECATED_OBJC_IMPLEMENTATIONS = YES;
				CLANG_WARN_DIRECT_OBJC_ISA_USAGE = YES_ERROR;
				CLANG_WARN_DOCUMENTATION_COMMENTS = YES;
				CLANG_WARN_EMPTY_BODY = YES;
				CLANG_WARN_ENUM_CONVERSION = YES;
				CLANG_WARN_INFINITE_RECURSION = YES;
				CLANG_WARN_INT_CONVERSION = YES;
				CLANG_WARN_NON_LITERAL_NULL_CONVERSION = YES;
				CLANG_WARN_OBJC_IMPLICIT_RETAIN_SELF = YES;
				CLANG_WARN_OBJC_LITERAL_CONVERSION = YES;
				CLANG_WARN_OBJC_ROOT_CLASS = YES_ERROR;
				CLANG_WARN_QUOTED_INCLUDE_IN_FRAMEWORK_HEADER = YES;
				CLANG_WARN_RANGE_LOOP_ANALYSIS = YES;
				CLANG_WARN_STRICT_PROTOTYPES = YES;
				CLANG_WARN_SUSPICIOUS_MOVE = YES;
				CLANG_WARN_UNGUARDED_AVAILABILITY = YES_AGGRESSIVE;
				CLANG_WARN_UNREACHABLE_CODE = YES;
				CLANG_WARN__DUPLICATE_METHOD_MATCH = YES;
				COPY_PHASE_STRIP = NO;
				DEBUG_INFORMATION_FORMAT = "dwarf-with-dsym";
				ENABLE_NS_ASSERTIONS = NO;
				ENABLE_STRICT_OBJC_MSGSEND = YES;
				GCC_C_LANGUAGE_STANDARD = gnu11;
				GCC_NO_COMMON_BLOCKS = YES;
				GCC_WARN_64_TO_32_BIT_CONVERSION = YES;
				GCC_WARN_ABOUT_RETURN_TYPE = YES_ERROR;
				GCC_WARN_UNDECLARED_SELECTOR = YES;
				GCC_WARN_UNINITIALIZED_AUTOS = YES_AGGRESSIVE;
				GCC_WARN_UNUSED_FUNCTION = YES;
				GCC_WARN_UNUSED_VARIABLE = YES;
				IPHONEOS_DEPLOYMENT_TARGET = 16.2;
				MTL_ENABLE_DEBUG_INFO = NO;
				MTL_FAST_MATH = YES;
				SDKROOT = iphoneos;
				SWIFT_COMPILATION_MODE = wholemodule;
				SWIFT_OPTIMIZATION_LEVEL = "-O";
				VALIDATE_PRODUCT = YES;
			};
			name = Release;
		};
		2A5296B32AFFC6E800279401 /* Debug */ = {
			isa = XCBuildConfiguration;
			buildSettings = {
				ASSETCATALOG_COMPILER_APPICON_NAME = AppIcon;
				ASSETCATALOG_COMPILER_GLOBAL_ACCENT_COLOR_NAME = AccentColor;
				CODE_SIGN_STYLE = Automatic;
				CURRENT_PROJECT_VERSION = 1;
				DEVELOPMENT_TEAM = 349HWJV2J8;
				GENERATE_INFOPLIST_FILE = YES;
				INFOPLIST_FILE = Swift_Animation_Practice/Info.plist;
				INFOPLIST_KEY_UIApplicationSupportsIndirectInputEvents = YES;
				INFOPLIST_KEY_UILaunchStoryboardName = LaunchScreen;
				INFOPLIST_KEY_UISupportedInterfaceOrientations_iPad = "UIInterfaceOrientationPortrait UIInterfaceOrientationPortraitUpsideDown UIInterfaceOrientationLandscapeLeft UIInterfaceOrientationLandscapeRight";
				INFOPLIST_KEY_UISupportedInterfaceOrientations_iPhone = "UIInterfaceOrientationPortrait UIInterfaceOrientationLandscapeLeft UIInterfaceOrientationLandscapeRight";
				LD_RUNPATH_SEARCH_PATHS = (
					"$(inherited)",
					"@executable_path/Frameworks",
				);
				MARKETING_VERSION = 1.0;
				PRODUCT_BUNDLE_IDENTIFIER = "com.naver-heejoo-byun.Swift-Animation-Practice";
				PRODUCT_NAME = "$(TARGET_NAME)";
				SUPPORTED_PLATFORMS = "iphoneos iphonesimulator";
				SUPPORTS_MACCATALYST = NO;
				SUPPORTS_MAC_DESIGNED_FOR_IPHONE_IPAD = NO;
				SWIFT_EMIT_LOC_STRINGS = YES;
				SWIFT_VERSION = 5.0;
				TARGETED_DEVICE_FAMILY = 1;
			};
			name = Debug;
		};
		2A5296B42AFFC6E800279401 /* Release */ = {
			isa = XCBuildConfiguration;
			buildSettings = {
				ASSETCATALOG_COMPILER_APPICON_NAME = AppIcon;
				ASSETCATALOG_COMPILER_GLOBAL_ACCENT_COLOR_NAME = AccentColor;
				CODE_SIGN_STYLE = Automatic;
				CURRENT_PROJECT_VERSION = 1;
				DEVELOPMENT_TEAM = 349HWJV2J8;
				GENERATE_INFOPLIST_FILE = YES;
				INFOPLIST_FILE = Swift_Animation_Practice/Info.plist;
				INFOPLIST_KEY_UIApplicationSupportsIndirectInputEvents = YES;
				INFOPLIST_KEY_UILaunchStoryboardName = LaunchScreen;
				INFOPLIST_KEY_UISupportedInterfaceOrientations_iPad = "UIInterfaceOrientationPortrait UIInterfaceOrientationPortraitUpsideDown UIInterfaceOrientationLandscapeLeft UIInterfaceOrientationLandscapeRight";
				INFOPLIST_KEY_UISupportedInterfaceOrientations_iPhone = "UIInterfaceOrientationPortrait UIInterfaceOrientationLandscapeLeft UIInterfaceOrientationLandscapeRight";
				LD_RUNPATH_SEARCH_PATHS = (
					"$(inherited)",
					"@executable_path/Frameworks",
				);
				MARKETING_VERSION = 1.0;
				PRODUCT_BUNDLE_IDENTIFIER = "com.naver-heejoo-byun.Swift-Animation-Practice";
				PRODUCT_NAME = "$(TARGET_NAME)";
				SUPPORTED_PLATFORMS = "iphoneos iphonesimulator";
				SUPPORTS_MACCATALYST = NO;
				SUPPORTS_MAC_DESIGNED_FOR_IPHONE_IPAD = NO;
				SWIFT_EMIT_LOC_STRINGS = YES;
				SWIFT_VERSION = 5.0;
				TARGETED_DEVICE_FAMILY = 1;
			};
			name = Release;
		};
/* End XCBuildConfiguration section */

/* Begin XCConfigurationList section */
		2A5296992AFFC6E700279401 /* Build configuration list for PBXProject "Swift_Animation_Practice" */ = {
			isa = XCConfigurationList;
			buildConfigurations = (
				2A5296B02AFFC6E800279401 /* Debug */,
				2A5296B12AFFC6E800279401 /* Release */,
			);
			defaultConfigurationIsVisible = 0;
			defaultConfigurationName = Release;
		};
		2A5296B22AFFC6E800279401 /* Build configuration list for PBXNativeTarget "Swift_Animation_Practice" */ = {
			isa = XCConfigurationList;
			buildConfigurations = (
				2A5296B32AFFC6E800279401 /* Debug */,
				2A5296B42AFFC6E800279401 /* Release */,
			);
			defaultConfigurationIsVisible = 0;
			defaultConfigurationName = Release;
		};
/* End XCConfigurationList section */

/* Begin XCRemoteSwiftPackageReference section */
		2A5296BB2AFFDA3500279401 /* XCRemoteSwiftPackageReference "SnapKit" */ = {
			isa = XCRemoteSwiftPackageReference;
			repositoryURL = "https://github.com/SnapKit/SnapKit.git";
			requirement = {
				kind = upToNextMajorVersion;
				minimumVersion = 5.0.0;
			};
		};
/* End XCRemoteSwiftPackageReference section */

/* Begin XCSwiftPackageProductDependency section */
		2A5296BC2AFFDA3500279401 /* SnapKit */ = {
			isa = XCSwiftPackageProductDependency;
			package = 2A5296BB2AFFDA3500279401 /* XCRemoteSwiftPackageReference "SnapKit" */;
			productName = SnapKit;
		};
/* End XCSwiftPackageProductDependency section */
	};
	rootObject = 2A5296962AFFC6E700279401 /* Project object */;
}
